
Microsoft Visual Studio Solution File, Format Version 12.00
# Visual Studio 15
VisualStudioVersion = 15.0.28307.136
MinimumVisualStudioVersion = 10.0.40219.1
Project("{FAE04EC0-301F-11D3-BF4B-00C04F79EFBC}") = "SampleApplication", "SampleApplication\SampleApplication.csproj", "{3FEB9FD2-D83F-40EC-9813-276AAF62279C}"
EndProject
Global
	GlobalSection(SolutionConfigurationPlatforms) = preSolution
		Debug|Any CPU = Debug|Any CPU
		Release|Any CPU = Release|Any CPU
	EndGlobalSection
	GlobalSection(ProjectConfigurationPlatforms) = postSolution
		{3FEB9FD2-D83F-40EC-9813-276AAF62279C}.Debug|Any CPU.ActiveCfg = Debug|Any CPU
		{3FEB9FD2-D83F-40EC-9813-276AAF62279C}.Debug|Any CPU.Build.0 = Debug|Any CPU
		{3FEB9FD2-D83F-40EC-9813-276AAF62279C}.Release|Any CPU.ActiveCfg = Release|Any CPU
		{3FEB9FD2-D83F-40EC-9813-276AAF62279C}.Release|Any CPU.Build.0 = Release|Any CPU
	EndGlobalSection
	GlobalSection(SolutionProperties) = preSolution
		HideSolutionNode = FALSE
	EndGlobalSection
	GlobalSection(ExtensibilityGlobals) = postSolution
		SolutionGuid = {4118EB0C-11DF-4324-85E2-ACB12077BD7B}
	EndGlobalSection
EndGlobal
